Microsoft Visual Studio Solution File, Format Version 11.00
# Visual Studio 2008

Project("{2872D658-0B57-0C16-1136-86E7ECD63C3C}") = "Headgear project", "Assembly-CSharp-firstpass.csproj", "{49A1A5FE-2560-348F-C861-296E0186D444}"
EndProject
Project("{2872D658-0B57-0C16-1136-86E7ECD63C3C}") = "Headgear project", "Assembly-CSharp.csproj", "{BA1A2D4E-BBAB-AFF9-D751-32E13712F79B}"
EndProject
Project("{2872D658-0B57-0C16-1136-86E7ECD63C3C}") = "Headgear project", "Assembly-UnityScript-firstpass.unityproj", "{31836389-F48B-4330-7B66-B3DB98D86D33}"
EndProject
Project("{2872D658-0B57-0C16-1136-86E7ECD63C3C}") = "Headgear project", "Assembly-UnityScript.unityproj", "{6DA74374-50A5-CC91-6C9B-93506C00DF88}"
EndProject
Global
	GlobalSection(SolutionConfigurationPlatforms) = preSolution
		Debug|Any CPU = Debug|Any CPU
		Release|Any CPU = Release|Any CPU
	EndGlobalSection
	GlobalSection(ProjectConfigurationPlatforms) = postSolution
		{49A1A5FE-2560-348F-C861-296E0186D444}.Debug|Any CPU.ActiveCfg = Debug|Any CPU
		{49A1A5FE-2560-348F-C861-296E0186D444}.Debug|Any CPU.Build.0 = Debug|Any CPU
		{49A1A5FE-2560-348F-C861-296E0186D444}.Release|Any CPU.ActiveCfg = Release|Any CPU
		{49A1A5FE-2560-348F-C861-296E0186D444}.Release|Any CPU.Build.0 = Release|Any CPU
		{BA1A2D4E-BBAB-AFF9-D751-32E13712F79B}.Debug|Any CPU.ActiveCfg = Debug|Any CPU
		{BA1A2D4E-BBAB-AFF9-D751-32E13712F79B}.Debug|Any CPU.Build.0 = Debug|Any CPU
		{BA1A2D4E-BBAB-AFF9-D751-32E13712F79B}.Release|Any CPU.ActiveCfg = Release|Any CPU
		{BA1A2D4E-BBAB-AFF9-D751-32E13712F79B}.Release|Any CPU.Build.0 = Release|Any CPU
		{31836389-F48B-4330-7B66-B3DB98D86D33}.Debug|Any CPU.ActiveCfg = Debug|Any CPU
		{31836389-F48B-4330-7B66-B3DB98D86D33}.Debug|Any CPU.Build.0 = Debug|Any CPU
		{31836389-F48B-4330-7B66-B3DB98D86D33}.Release|Any CPU.ActiveCfg = Release|Any CPU
		{31836389-F48B-4330-7B66-B3DB98D86D33}.Release|Any CPU.Build.0 = Release|Any CPU
		{6DA74374-50A5-CC91-6C9B-93506C00DF88}.Debug|Any CPU.ActiveCfg = Debug|Any CPU
		{6DA74374-50A5-CC91-6C9B-93506C00DF88}.Debug|Any CPU.Build.0 = Debug|Any CPU
		{6DA74374-50A5-CC91-6C9B-93506C00DF88}.Release|Any CPU.ActiveCfg = Release|Any CPU
		{6DA74374-50A5-CC91-6C9B-93506C00DF88}.Release|Any CPU.Build.0 = Release|Any CPU
	EndGlobalSection
	GlobalSection(SolutionProperties) = preSolution
		HideSolutionNode = FALSE
	EndGlobalSection
		GlobalSection(MonoDevelopProperties) = preSolution
		StartupItem = Assembly-CSharp.csproj
		Policies = $0
		$0.TextStylePolicy = $1
		$1.inheritsSet = null
		$1.scope = text/x-csharp
		$0.CSharpFormattingPolicy = $2
		$2.inheritsSet = Mono
		$2.inheritsScope = text/x-csharp
		$2.scope = text/x-csharp
		$0.TextStylePolicy = $3
		$3.FileWidth = 120
		$3.TabWidth = 4
		$3.EolMarker = Unix
		$3.inheritsSet = Mono
		$3.inheritsScope = text/plain
		$3.scope = text/plain
	EndGlobalSection

EndGlobal
