Microsoft Visual Studio Solution File, Format Version 11.00
# Visual Studio 2008

Project("{0DDCF02D-35BC-F2A0-D0CA-CAECD4A1E01B}") = "Mind-full project", "Assembly-CSharp-firstpass.csproj", "{038A20B0-BB1D-ACD3-6A0B-752B123FB7E1}"
EndProject
Project("{0DDCF02D-35BC-F2A0-D0CA-CAECD4A1E01B}") = "Mind-full project", "Assembly-CSharp.csproj", "{F269280C-7F77-BC04-E998-6BA3972C6DEF}"
EndProject
Project("{0DDCF02D-35BC-F2A0-D0CA-CAECD4A1E01B}") = "Mind-full project", "Assembly-CSharp-Editor-firstpass.csproj", "{D3DC7201-EB11-6E58-9B93-DBEB89B20621}"
EndProject
Project("{0DDCF02D-35BC-F2A0-D0CA-CAECD4A1E01B}") = "Mind-full project", "Assembly-CSharp-Editor.csproj", "{77DF0B20-F62F-40F1-C815-041CDF3FE289}"
EndProject
Project("{0DDCF02D-35BC-F2A0-D0CA-CAECD4A1E01B}") = "Mind-full project", "Assembly-UnityScript-firstpass.unityproj", "{0FFE710E-A415-C3CD-1A30-FD20BB110060}"
EndProject
Project("{0DDCF02D-35BC-F2A0-D0CA-CAECD4A1E01B}") = "Mind-full project", "Assembly-UnityScript.unityproj", "{E0FEF9D0-3A65-3B66-0181-809E5198E5CB}"
EndProject
Global
	GlobalSection(SolutionConfigurationPlatforms) = preSolution
		Debug|Any CPU = Debug|Any CPU
		Release|Any CPU = Release|Any CPU
	EndGlobalSection
	GlobalSection(ProjectConfigurationPlatforms) = postSolution
		{038A20B0-BB1D-ACD3-6A0B-752B123FB7E1}.Debug|Any CPU.ActiveCfg = Debug|Any CPU
		{038A20B0-BB1D-ACD3-6A0B-752B123FB7E1}.Debug|Any CPU.Build.0 = Debug|Any CPU
		{038A20B0-BB1D-ACD3-6A0B-752B123FB7E1}.Release|Any CPU.ActiveCfg = Release|Any CPU
		{038A20B0-BB1D-ACD3-6A0B-752B123FB7E1}.Release|Any CPU.Build.0 = Release|Any CPU
		{F269280C-7F77-BC04-E998-6BA3972C6DEF}.Debug|Any CPU.ActiveCfg = Debug|Any CPU
		{F269280C-7F77-BC04-E998-6BA3972C6DEF}.Debug|Any CPU.Build.0 = Debug|Any CPU
		{F269280C-7F77-BC04-E998-6BA3972C6DEF}.Release|Any CPU.ActiveCfg = Release|Any CPU
		{F269280C-7F77-BC04-E998-6BA3972C6DEF}.Release|Any CPU.Build.0 = Release|Any CPU
		{D3DC7201-EB11-6E58-9B93-DBEB89B20621}.Debug|Any CPU.ActiveCfg = Debug|Any CPU
		{D3DC7201-EB11-6E58-9B93-DBEB89B20621}.Debug|Any CPU.Build.0 = Debug|Any CPU
		{D3DC7201-EB11-6E58-9B93-DBEB89B20621}.Release|Any CPU.ActiveCfg = Release|Any CPU
		{D3DC7201-EB11-6E58-9B93-DBEB89B20621}.Release|Any CPU.Build.0 = Release|Any CPU
		{77DF0B20-F62F-40F1-C815-041CDF3FE289}.Debug|Any CPU.ActiveCfg = Debug|Any CPU
		{77DF0B20-F62F-40F1-C815-041CDF3FE289}.Debug|Any CPU.Build.0 = Debug|Any CPU
		{77DF0B20-F62F-40F1-C815-041CDF3FE289}.Release|Any CPU.ActiveCfg = Release|Any CPU
		{77DF0B20-F62F-40F1-C815-041CDF3FE289}.Release|Any CPU.Build.0 = Release|Any CPU
		{0FFE710E-A415-C3CD-1A30-FD20BB110060}.Debug|Any CPU.ActiveCfg = Debug|Any CPU
		{0FFE710E-A415-C3CD-1A30-FD20BB110060}.Debug|Any CPU.Build.0 = Debug|Any CPU
		{0FFE710E-A415-C3CD-1A30-FD20BB110060}.Release|Any CPU.ActiveCfg = Release|Any CPU
		{0FFE710E-A415-C3CD-1A30-FD20BB110060}.Release|Any CPU.Build.0 = Release|Any CPU
		{E0FEF9D0-3A65-3B66-0181-809E5198E5CB}.Debug|Any CPU.ActiveCfg = Debug|Any CPU
		{E0FEF9D0-3A65-3B66-0181-809E5198E5CB}.Debug|Any CPU.Build.0 = Debug|Any CPU
		{E0FEF9D0-3A65-3B66-0181-809E5198E5CB}.Release|Any CPU.ActiveCfg = Release|Any CPU
		{E0FEF9D0-3A65-3B66-0181-809E5198E5CB}.Release|Any CPU.Build.0 = Release|Any CPU
	EndGlobalSection
	GlobalSection(SolutionProperties) = preSolution
		HideSolutionNode = FALSE
	EndGlobalSection
																																																																																																																																																																																																																																																																																																																																																																																																																																																																										GlobalSection(MonoDevelopProperties) = preSolution
		StartupItem = Assembly-CSharp.csproj
		Policies = $0
		$0.TextStylePolicy = $1
		$1.inheritsSet = null
		$1.scope = text/x-csharp
		$0.CSharpFormattingPolicy = $2
		$2.inheritsSet = Mono
		$2.inheritsScope = text/x-csharp
		$2.scope = text/x-csharp
		$0.TextStylePolicy = $3
		$3.FileWidth = 120
		$3.TabWidth = 4
		$3.EolMarker = Unix
		$3.inheritsSet = Mono
		$3.inheritsScope = text/plain
		$3.scope = text/plain
	EndGlobalSection

EndGlobal
