Microsoft Visual Studio Solution File, Format Version 11.00
# Visual Studio 2008

Project("{0262E29A-B97B-A2C0-DB04-90F1B75C3E43}") = "PhonoBlocks 2.0", "Assembly-CSharp-firstpass.csproj", "{441CCA7B-8A9F-1F93-A745-1787E642EA8F}"
EndProject
Project("{0262E29A-B97B-A2C0-DB04-90F1B75C3E43}") = "PhonoBlocks 2.0", "Assembly-CSharp.csproj", "{8DD5DD8E-9053-525A-9AE1-66FC9DAD0131}"
EndProject
Project("{0262E29A-B97B-A2C0-DB04-90F1B75C3E43}") = "PhonoBlocks 2.0", "Assembly-CSharp-Editor-firstpass.csproj", "{A0B6AC5A-F50D-14FF-67A6-B62703CD3B59}"
EndProject
Project("{0262E29A-B97B-A2C0-DB04-90F1B75C3E43}") = "PhonoBlocks 2.0", "Assembly-CSharp-Editor.csproj", "{447F1AB0-B528-38F2-B344-53CC323FE574}"
EndProject
Project("{0262E29A-B97B-A2C0-DB04-90F1B75C3E43}") = "PhonoBlocks 2.0", "Assembly-UnityScript-firstpass.unityproj", "{839682CA-8578-5CFB-BCFC-EEEE178C2C77}"
EndProject
Project("{0262E29A-B97B-A2C0-DB04-90F1B75C3E43}") = "PhonoBlocks 2.0", "Assembly-UnityScript.unityproj", "{54425E54-1074-C273-F1B0-8AD3004C2014}"
EndProject
Global
	GlobalSection(SolutionConfigurationPlatforms) = preSolution
		Debug|Any CPU = Debug|Any CPU
		Release|Any CPU = Release|Any CPU
	EndGlobalSection
	GlobalSection(ProjectConfigurationPlatforms) = postSolution
		{441CCA7B-8A9F-1F93-A745-1787E642EA8F}.Debug|Any CPU.ActiveCfg = Debug|Any CPU
		{441CCA7B-8A9F-1F93-A745-1787E642EA8F}.Debug|Any CPU.Build.0 = Debug|Any CPU
		{441CCA7B-8A9F-1F93-A745-1787E642EA8F}.Release|Any CPU.ActiveCfg = Release|Any CPU
		{441CCA7B-8A9F-1F93-A745-1787E642EA8F}.Release|Any CPU.Build.0 = Release|Any CPU
		{8DD5DD8E-9053-525A-9AE1-66FC9DAD0131}.Debug|Any CPU.ActiveCfg = Debug|Any CPU
		{8DD5DD8E-9053-525A-9AE1-66FC9DAD0131}.Debug|Any CPU.Build.0 = Debug|Any CPU
		{8DD5DD8E-9053-525A-9AE1-66FC9DAD0131}.Release|Any CPU.ActiveCfg = Release|Any CPU
		{8DD5DD8E-9053-525A-9AE1-66FC9DAD0131}.Release|Any CPU.Build.0 = Release|Any CPU
		{A0B6AC5A-F50D-14FF-67A6-B62703CD3B59}.Debug|Any CPU.ActiveCfg = Debug|Any CPU
		{A0B6AC5A-F50D-14FF-67A6-B62703CD3B59}.Debug|Any CPU.Build.0 = Debug|Any CPU
		{A0B6AC5A-F50D-14FF-67A6-B62703CD3B59}.Release|Any CPU.ActiveCfg = Release|Any CPU
		{A0B6AC5A-F50D-14FF-67A6-B62703CD3B59}.Release|Any CPU.Build.0 = Release|Any CPU
		{447F1AB0-B528-38F2-B344-53CC323FE574}.Debug|Any CPU.ActiveCfg = Debug|Any CPU
		{447F1AB0-B528-38F2-B344-53CC323FE574}.Debug|Any CPU.Build.0 = Debug|Any CPU
		{447F1AB0-B528-38F2-B344-53CC323FE574}.Release|Any CPU.ActiveCfg = Release|Any CPU
		{447F1AB0-B528-38F2-B344-53CC323FE574}.Release|Any CPU.Build.0 = Release|Any CPU
		{839682CA-8578-5CFB-BCFC-EEEE178C2C77}.Debug|Any CPU.ActiveCfg = Debug|Any CPU
		{839682CA-8578-5CFB-BCFC-EEEE178C2C77}.Debug|Any CPU.Build.0 = Debug|Any CPU
		{839682CA-8578-5CFB-BCFC-EEEE178C2C77}.Release|Any CPU.ActiveCfg = Release|Any CPU
		{839682CA-8578-5CFB-BCFC-EEEE178C2C77}.Release|Any CPU.Build.0 = Release|Any CPU
		{54425E54-1074-C273-F1B0-8AD3004C2014}.Debug|Any CPU.ActiveCfg = Debug|Any CPU
		{54425E54-1074-C273-F1B0-8AD3004C2014}.Debug|Any CPU.Build.0 = Debug|Any CPU
		{54425E54-1074-C273-F1B0-8AD3004C2014}.Release|Any CPU.ActiveCfg = Release|Any CPU
		{54425E54-1074-C273-F1B0-8AD3004C2014}.Release|Any CPU.Build.0 = Release|Any CPU
	EndGlobalSection
	GlobalSection(SolutionProperties) = preSolution
		HideSolutionNode = FALSE
	EndGlobalSection
																																																									GlobalSection(MonoDevelopProperties) = preSolution
		StartupItem = Assembly-CSharp.csproj
		Policies = $0
		$0.TextStylePolicy = $1
		$1.inheritsSet = null
		$1.scope = text/x-csharp
		$0.CSharpFormattingPolicy = $2
		$2.inheritsSet = Mono
		$2.inheritsScope = text/x-csharp
		$2.scope = text/x-csharp
		$0.TextStylePolicy = $3
		$3.FileWidth = 120
		$3.TabWidth = 4
		$3.EolMarker = Unix
		$3.inheritsSet = Mono
		$3.inheritsScope = text/plain
		$3.scope = text/plain
	EndGlobalSection

EndGlobal
