
Microsoft Visual Studio Solution File, Format Version 11.0
# Visual Studio 2010
Project("{FAE04EC0-301F-11D3-BF4B-00C04F79EFBC}") = "UnityVS.Mindfull copy.CSharp.Editor.Plugins", "UnityVS.Mindfull copy.CSharp.Editor.Plugins.csproj", "{8442A213-35D9-AF95-AA96-7CFE1C19AB24}"
EndProject
Project("{FAE04EC0-301F-11D3-BF4B-00C04F79EFBC}") = "UnityVS.Mindfull copy.CSharp.Plugins", "UnityVS.Mindfull copy.CSharp.Plugins.csproj", "{E6F28205-83BC-9911-F4EA-B483AC55357B}"
EndProject
Project("{FAE04EC0-301F-11D3-BF4B-00C04F79EFBC}") = "UnityVS.Mindfull copy.CSharp", "UnityVS.Mindfull copy.CSharp.csproj", "{EB778BF5-B861-3770-B461-90E861835818}"
EndProject
Project("{FAE04EC0-301F-11D3-BF4B-00C04F79EFBC}") = "UnityVS.Mindfull copy.CSharp.Editor", "UnityVS.Mindfull copy.CSharp.Editor.csproj", "{70511F5E-87DD-F878-5767-97CF698F899A}"
EndProject
Global
	GlobalSection(SolutionConfigurationPlatforms) = preSolution
		Debug|Any CPU = Debug|Any CPU
		Release|Any CPU = Release|Any CPU
	EndGlobalSection
	GlobalSection(ProjectConfigurationPlatforms) = postSolution
		{8442A213-35D9-AF95-AA96-7CFE1C19AB24}.Debug|Any CPU.ActiveCfg = Debug|Any CPU
		{8442A213-35D9-AF95-AA96-7CFE1C19AB24}.Debug|Any CPU.Build.0 = Debug|Any CPU
		{8442A213-35D9-AF95-AA96-7CFE1C19AB24}.Release|Any CPU.ActiveCfg = Release|Any CPU
		{8442A213-35D9-AF95-AA96-7CFE1C19AB24}.Release|Any CPU.Build.0 = Release|Any CPU
		{E6F28205-83BC-9911-F4EA-B483AC55357B}.Debug|Any CPU.ActiveCfg = Debug|Any CPU
		{E6F28205-83BC-9911-F4EA-B483AC55357B}.Debug|Any CPU.Build.0 = Debug|Any CPU
		{E6F28205-83BC-9911-F4EA-B483AC55357B}.Release|Any CPU.ActiveCfg = Release|Any CPU
		{E6F28205-83BC-9911-F4EA-B483AC55357B}.Release|Any CPU.Build.0 = Release|Any CPU
		{EB778BF5-B861-3770-B461-90E861835818}.Debug|Any CPU.ActiveCfg = Debug|Any CPU
		{EB778BF5-B861-3770-B461-90E861835818}.Debug|Any CPU.Build.0 = Debug|Any CPU
		{EB778BF5-B861-3770-B461-90E861835818}.Release|Any CPU.ActiveCfg = Release|Any CPU
		{EB778BF5-B861-3770-B461-90E861835818}.Release|Any CPU.Build.0 = Release|Any CPU
		{70511F5E-87DD-F878-5767-97CF698F899A}.Debug|Any CPU.ActiveCfg = Debug|Any CPU
		{70511F5E-87DD-F878-5767-97CF698F899A}.Debug|Any CPU.Build.0 = Debug|Any CPU
		{70511F5E-87DD-F878-5767-97CF698F899A}.Release|Any CPU.ActiveCfg = Release|Any CPU
		{70511F5E-87DD-F878-5767-97CF698F899A}.Release|Any CPU.Build.0 = Release|Any CPU
	EndGlobalSection
	GlobalSection(SolutionProperties) = preSolution
		HideSolutionNode = FALSE
	EndGlobalSection
EndGlobal
