
Microsoft Visual Studio Solution File, Format Version 11.0
# Visual Studio 2010
Project("{FAE04EC0-301F-11D3-BF4B-00C04F79EFBC}") = "UnityVS.Mind-full project.CSharp.Editor.Plugins", "UnityVS.Mind-full project.CSharp.Editor.Plugins.csproj", "{110F3E33-5D6A-1276-4AF0-7C148BCAAB02}"
EndProject
Project("{FAE04EC0-301F-11D3-BF4B-00C04F79EFBC}") = "UnityVS.Mind-full project.CSharp.Plugins", "UnityVS.Mind-full project.CSharp.Plugins.csproj", "{8ABE0FA7-83CD-8AB9-0888-9CF07BBB254E}"
EndProject
Project("{FAE04EC0-301F-11D3-BF4B-00C04F79EFBC}") = "UnityVS.Mind-full project.CSharp", "UnityVS.Mind-full project.CSharp.csproj", "{14414811-C936-AAB2-A95C-58053B6F8FDB}"
EndProject
Project("{FAE04EC0-301F-11D3-BF4B-00C04F79EFBC}") = "UnityVS.Mind-full project.CSharp.Editor", "UnityVS.Mind-full project.CSharp.Editor.csproj", "{AA39D854-99EA-936D-9EE5-4F8174D661AE}"
EndProject
Global
	GlobalSection(SolutionConfigurationPlatforms) = preSolution
		Debug|Any CPU = Debug|Any CPU
		Release|Any CPU = Release|Any CPU
	EndGlobalSection
	GlobalSection(ProjectConfigurationPlatforms) = postSolution
		{110F3E33-5D6A-1276-4AF0-7C148BCAAB02}.Debug|Any CPU.ActiveCfg = Debug|Any CPU
		{110F3E33-5D6A-1276-4AF0-7C148BCAAB02}.Debug|Any CPU.Build.0 = Debug|Any CPU
		{110F3E33-5D6A-1276-4AF0-7C148BCAAB02}.Release|Any CPU.ActiveCfg = Release|Any CPU
		{110F3E33-5D6A-1276-4AF0-7C148BCAAB02}.Release|Any CPU.Build.0 = Release|Any CPU
		{8ABE0FA7-83CD-8AB9-0888-9CF07BBB254E}.Debug|Any CPU.ActiveCfg = Debug|Any CPU
		{8ABE0FA7-83CD-8AB9-0888-9CF07BBB254E}.Debug|Any CPU.Build.0 = Debug|Any CPU
		{8ABE0FA7-83CD-8AB9-0888-9CF07BBB254E}.Release|Any CPU.ActiveCfg = Release|Any CPU
		{8ABE0FA7-83CD-8AB9-0888-9CF07BBB254E}.Release|Any CPU.Build.0 = Release|Any CPU
		{14414811-C936-AAB2-A95C-58053B6F8FDB}.Debug|Any CPU.ActiveCfg = Debug|Any CPU
		{14414811-C936-AAB2-A95C-58053B6F8FDB}.Debug|Any CPU.Build.0 = Debug|Any CPU
		{14414811-C936-AAB2-A95C-58053B6F8FDB}.Release|Any CPU.ActiveCfg = Release|Any CPU
		{14414811-C936-AAB2-A95C-58053B6F8FDB}.Release|Any CPU.Build.0 = Release|Any CPU
		{AA39D854-99EA-936D-9EE5-4F8174D661AE}.Debug|Any CPU.ActiveCfg = Debug|Any CPU
		{AA39D854-99EA-936D-9EE5-4F8174D661AE}.Debug|Any CPU.Build.0 = Debug|Any CPU
		{AA39D854-99EA-936D-9EE5-4F8174D661AE}.Release|Any CPU.ActiveCfg = Release|Any CPU
		{AA39D854-99EA-936D-9EE5-4F8174D661AE}.Release|Any CPU.Build.0 = Release|Any CPU
	EndGlobalSection
	GlobalSection(SolutionProperties) = preSolution
		HideSolutionNode = FALSE
	EndGlobalSection
EndGlobal
